// !$*UTF8*$!
{
	archiveVersion = 1;
	classes = {
	};
	objectVersion = 56;
	objects = {

/* Begin PBXBuildFile section */
		C5A223BF2A5DED6A00380818 /* prApp.swift in Sources */ = {isa = PBXBuildFile; fileRef = C5A223BE2A5DED6A00380818 /* prApp.swift */; };
		C5A223C12A5DED6A00380818 /* ContentView.swift in Sources */ = {isa = PBXBuildFile; fileRef = C5A223C02A5DED6A00380818 /* ContentView.swift */; };
		C5A223C32A5DED6B00380818 /* Assets.xcassets in Resources */ = {isa = PBXBuildFile; fileRef = C5A223C22A5DED6B00380818 /* Assets.xcassets */; };
		C5A223C62A5DED6B00380818 /* Preview Assets.xcassets in Resources */ = {isa = PBXBuildFile; fileRef = C5A223C52A5DED6B00380818 /* Preview Assets.xcassets */; };
		C5A223C82A5DED6B00380818 /* Persistence.swift in Sources */ = {isa = PBXBuildFile; fileRef = C5A223C72A5DED6B00380818 /* Persistence.swift */; };
		C5A223CB2A5DED6B00380818 /* pr.xcdatamodeld in Sources */ = {isa = PBXBuildFile; fileRef = C5A223C92A5DED6B00380818 /* pr.xcdatamodeld */; };
		C5A223D52A5DED6B00380818 /* prTests.swift in Sources */ = {isa = PBXBuildFile; fileRef = C5A223D42A5DED6B00380818 /* prTests.swift */; };
		C5A223DF2A5DED6B00380818 /* prUITests.swift in Sources */ = {isa = PBXBuildFile; fileRef = C5A223DE2A5DED6B00380818 /* prUITests.swift */; };
		C5A223E12A5DED6B00380818 /* prUITestsLaunchTests.swift in Sources */ = {isa = PBXBuildFile; fileRef = C5A223E02A5DED6B00380818 /* prUITestsLaunchTests.swift */; };
/* End PBXBuildFile section */

/* Begin PBXContainerItemProxy section */
		C5A223D12A5DED6B00380818 /* PBXContainerItemProxy */ = {
			isa = PBXContainerItemProxy;
			containerPortal = C5A223B32A5DED6A00380818 /* Project object */;
			proxyType = 1;
			remoteGlobalIDString = C5A223BA2A5DED6A00380818;
			remoteInfo = pr;
		};
		C5A223DB2A5DED6B00380818 /* PBXContainerItemProxy */ = {
			isa = PBXContainerItemProxy;
			containerPortal = C5A223B32A5DED6A00380818 /* Project object */;
			proxyType = 1;
			remoteGlobalIDString = C5A223BA2A5DED6A00380818;
			remoteInfo = pr;
		};
/* End PBXContainerItemProxy section */

/* Begin PBXFileReference section */
		C5A223BB2A5DED6A00380818 /* pr.app */ = {isa = PBXFileReference; explicitFileType = wrapper.application; includeInIndex = 0; path = pr.app; sourceTree = BUILT_PRODUCTS_DIR; };
		C5A223BE2A5DED6A00380818 /* prApp.swift */ = {isa = PBXFileReference; lastKnownFileType = sourcecode.swift; path = prApp.swift; sourceTree = "<group>"; };
		C5A223C02A5DED6A00380818 /* ContentView.swift */ = {isa = PBXFileReference; lastKnownFileType = sourcecode.swift; path = ContentView.swift; sourceTree = "<group>"; };
		C5A223C22A5DED6B00380818 /* Assets.xcassets */ = {isa = PBXFileReference; lastKnownFileType = folder.assetcatalog; path = Assets.xcassets; sourceTree = "<group>"; };
		C5A223C52A5DED6B00380818 /* Preview Assets.xcassets */ = {isa = PBXFileReference; lastKnownFileType = folder.assetcatalog; path = "Preview Assets.xcassets"; sourceTree = "<group>"; };
		C5A223C72A5DED6B00380818 /* Persistence.swift */ = {isa = PBXFileReference; lastKnownFileType = sourcecode.swift; path = Persistence.swift; sourceTree = "<group>"; };
		C5A223CA2A5DED6B00380818 /* pr.xcdatamodel */ = {isa = PBXFileReference; lastKnownFileType = wrapper.xcdatamodel; path = pr.xcdatamodel; sourceTree = "<group>"; };
		C5A223D02A5DED6B00380818 /* prTests.xctest */ = {isa = PBXFileReference; explicitFileType = wrapper.cfbundle; includeInIndex = 0; path = prTests.xctest; sourceTree = BUILT_PRODUCTS_DIR; };
		C5A223D42A5DED6B00380818 /* prTests.swift */ = {isa = PBXFileReference; lastKnownFileType = sourcecode.swift; path = prTests.swift; sourceTree = "<group>"; };
		C5A223DA2A5DED6B00380818 /* prUITests.xctest */ = {isa = PBXFileReference; explicitFileType = wrapper.cfbundle; includeInIndex = 0; path = prUITests.xctest; sourceTree = BUILT_PRODUCTS_DIR; };
		C5A223DE2A5DED6B00380818 /* prUITests.swift */ = {isa = PBXFileReference; lastKnownFileType = sourcecode.swift; path = prUITests.swift; sourceTree = "<group>"; };
		C5A223E02A5DED6B00380818 /* prUITestsLaunchTests.swift */ = {isa = PBXFileReference; lastKnownFileType = sourcecode.swift; path = prUITestsLaunchTests.swift; sourceTree = "<group>"; };
/* End PBXFileReference section */

/* Begin PBXFrameworksBuildPhase section */
		C5A223B82A5DED6A00380818 /* Frameworks */ = {
			isa = PBXFrameworksBuildPhase;
			buildActionMask = 2147483647;
			files = (
			);
			runOnlyForDeploymentPostprocessing = 0;
		};
		C5A223CD2A5DED6B00380818 /* Frameworks */ = {
			isa = PBXFrameworksBuildPhase;
			buildActionMask = 2147483647;
			files = (
			);
			runOnlyForDeploymentPostprocessing = 0;
		};
		C5A223D72A5DED6B00380818 /* Frameworks */ = {
			isa = PBXFrameworksBuildPhase;
			buildActionMask = 2147483647;
			files = (
			);
			runOnlyForDeploymentPostprocessing = 0;
		};
/* End PBXFrameworksBuildPhase section */

/* Begin PBXGroup section */
		C5A223B22A5DED6A00380818 = {
			isa = PBXGroup;
			children = (
				C5A223BD2A5DED6A00380818 /* pr */,
				C5A223D32A5DED6B00380818 /* prTests */,
				C5A223DD2A5DED6B00380818 /* prUITests */,
				C5A223BC2A5DED6A00380818 /* Products */,
			);
			sourceTree = "<group>";
		};
		C5A223BC2A5DED6A00380818 /* Products */ = {
			isa = PBXGroup;
			children = (
				C5A223BB2A5DED6A00380818 /* pr.app */,
				C5A223D02A5DED6B00380818 /* prTests.xctest */,
				C5A223DA2A5DED6B00380818 /* prUITests.xctest */,
			);
			name = Products;
			sourceTree = "<group>";
		};
		C5A223BD2A5DED6A00380818 /* pr */ = {
			isa = PBXGroup;
			children = (
				C5A223BE2A5DED6A00380818 /* prApp.swift */,
				C5A223C02A5DED6A00380818 /* ContentView.swift */,
				C5A223C22A5DED6B00380818 /* Assets.xcassets */,
				C5A223C72A5DED6B00380818 /* Persistence.swift */,
				C5A223C92A5DED6B00380818 /* pr.xcdatamodeld */,
				C5A223C42A5DED6B00380818 /* Preview Content */,
			);
			path = pr;
			sourceTree = "<group>";
		};
		C5A223C42A5DED6B00380818 /* Preview Content */ = {
			isa = PBXGroup;
			children = (
				C5A223C52A5DED6B00380818 /* Preview Assets.xcassets */,
			);
			path = "Preview Content";
			sourceTree = "<group>";
		};
		C5A223D32A5DED6B00380818 /* prTests */ = {
			isa = PBXGroup;
			children = (
				C5A223D42A5DED6B00380818 /* prTests.swift */,
			);
			path = prTests;
			sourceTree = "<group>";
		};
		C5A223DD2A5DED6B00380818 /* prUITests */ = {
			isa = PBXGroup;
			children = (
				C5A223DE2A5DED6B00380818 /* prUITests.swift */,
				C5A223E02A5DED6B00380818 /* prUITestsLaunchTests.swift */,
			);
			path = prUITests;
			sourceTree = "<group>";
		};
/* End PBXGroup section */

/* Begin PBXNativeTarget section */
		C5A223BA2A5DED6A00380818 /* pr */ = {
			isa = PBXNativeTarget;
			buildConfigurationList = C5A223E42A5DED6B00380818 /* Build configuration list for PBXNativeTarget "pr" */;
			buildPhases = (
				C5A223B72A5DED6A00380818 /* Sources */,
				C5A223B82A5DED6A00380818 /* Frameworks */,
				C5A223B92A5DED6A00380818 /* Resources */,
			);
			buildRules = (
			);
			dependencies = (
			);
			name = pr;
			productName = pr;
			productReference = C5A223BB2A5DED6A00380818 /* pr.app */;
			productType = "com.apple.product-type.application";
		};
		C5A223CF2A5DED6B00380818 /* prTests */ = {
			isa = PBXNativeTarget;
			buildConfigurationList = C5A223E72A5DED6B00380818 /* Build configuration list for PBXNativeTarget "prTests" */;
			buildPhases = (
				C5A223CC2A5DED6B00380818 /* Sources */,
				C5A223CD2A5DED6B00380818 /* Frameworks */,
				C5A223CE2A5DED6B00380818 /* Resources */,
			);
			buildRules = (
			);
			dependencies = (
				C5A223D22A5DED6B00380818 /* PBXTargetDependency */,
			);
			name = prTests;
			productName = prTests;
			productReference = C5A223D02A5DED6B00380818 /* prTests.xctest */;
			productType = "com.apple.product-type.bundle.unit-test";
		};
		C5A223D92A5DED6B00380818 /* prUITests */ = {
			isa = PBXNativeTarget;
			buildConfigurationList = C5A223EA2A5DED6B00380818 /* Build configuration list for PBXNativeTarget "prUITests" */;
			buildPhases = (
				C5A223D62A5DED6B00380818 /* Sources */,
				C5A223D72A5DED6B00380818 /* Frameworks */,
				C5A223D82A5DED6B00380818 /* Resources */,
			);
			buildRules = (
			);
			dependencies = (
				C5A223DC2A5DED6B00380818 /* PBXTargetDependency */,
			);
			name = prUITests;
			productName = prUITests;
			productReference = C5A223DA2A5DED6B00380818 /* prUITests.xctest */;
			productType = "com.apple.product-type.bundle.ui-testing";
		};
/* End PBXNativeTarget section */

/* Begin PBXProject section */
		C5A223B32A5DED6A00380818 /* Project object */ = {
			isa = PBXProject;
			attributes = {
				BuildIndependentTargetsInParallel = 1;
				LastSwiftUpdateCheck = 1430;
				LastUpgradeCheck = 1430;
				TargetAttributes = {
					C5A223BA2A5DED6A00380818 = {
						CreatedOnToolsVersion = 14.3.1;
					};
					C5A223CF2A5DED6B00380818 = {
						CreatedOnToolsVersion = 14.3.1;
						TestTargetID = C5A223BA2A5DED6A00380818;
					};
					C5A223D92A5DED6B00380818 = {
						CreatedOnToolsVersion = 14.3.1;
						TestTargetID = C5A223BA2A5DED6A00380818;
					};
				};
			};
			buildConfigurationList = C5A223B62A5DED6A00380818 /* Build configuration list for PBXProject "pr" */;
			compatibilityVersion = "Xcode 14.0";
			developmentRegion = en;
			hasScannedForEncodings = 0;
			knownRegions = (
				en,
				Base,
			);
			mainGroup = C5A223B22A5DED6A00380818;
			productRefGroup = C5A223BC2A5DED6A00380818 /* Products */;
			projectDirPath = "";
			projectRoot = "";
			targets = (
				C5A223BA2A5DED6A00380818 /* pr */,
				C5A223CF2A5DED6B00380818 /* prTests */,
				C5A223D92A5DED6B00380818 /* prUITests */,
			);
		};
/* End PBXProject section */

/* Begin PBXResourcesBuildPhase section */
		C5A223B92A5DED6A00380818 /* Resources */ = {
			isa = PBXResourcesBuildPhase;
			buildActionMask = 2147483647;
			files = (
				C5A223C62A5DED6B00380818 /* Preview Assets.xcassets in Resources */,
				C5A223C32A5DED6B00380818 /* Assets.xcassets in Resources */,
			);
			runOnlyForDeploymentPostprocessing = 0;
		};
		C5A223CE2A5DED6B00380818 /* Resources */ = {
			isa = PBXResourcesBuildPhase;
			buildActionMask = 2147483647;
			files = (
			);
			runOnlyForDeploymentPostprocessing = 0;
		};
		C5A223D82A5DED6B00380818 /* Resources */ = {
			isa = PBXResourcesBuildPhase;
			buildActionMask = 2147483647;
			files = (
			);
			runOnlyForDeploymentPostprocessing = 0;
		};
/* End PBXResourcesBuildPhase section */

/* Begin PBXSourcesBuildPhase section */
		C5A223B72A5DED6A00380818 /* Sources */ = {
			isa = PBXSourcesBuildPhase;
			buildActionMask = 2147483647;
			files = (
				C5A223C82A5DED6B00380818 /* Persistence.swift in Sources */,
				C5A223CB2A5DED6B00380818 /* pr.xcdatamodeld in Sources */,
				C5A223C12A5DED6A00380818 /* ContentView.swift in Sources */,
				C5A223BF2A5DED6A00380818 /* prApp.swift in Sources */,
			);
			runOnlyForDeploymentPostprocessing = 0;
		};
		C5A223CC2A5DED6B00380818 /* Sources */ = {
			isa = PBXSourcesBuildPhase;
			buildActionMask = 2147483647;
			files = (
				C5A223D52A5DED6B00380818 /* prTests.swift in Sources */,
			);
			runOnlyForDeploymentPostprocessing = 0;
		};
		C5A223D62A5DED6B00380818 /* Sources */ = {
			isa = PBXSourcesBuildPhase;
			buildActionMask = 2147483647;
			files = (
				C5A223E12A5DED6B00380818 /* prUITestsLaunchTests.swift in Sources */,
				C5A223DF2A5DED6B00380818 /* prUITests.swift in Sources */,
			);
			runOnlyForDeploymentPostprocessing = 0;
		};
/* End PBXSourcesBuildPhase section */

/* Begin PBXTargetDependency section */
		C5A223D22A5DED6B00380818 /* PBXTargetDependency */ = {
			isa = PBXTargetDependency;
			target = C5A223BA2A5DED6A00380818 /* pr */;
			targetProxy = C5A223D12A5DED6B00380818 /* PBXContainerItemProxy */;
		};
		C5A223DC2A5DED6B00380818 /* PBXTargetDependency */ = {
			isa = PBXTargetDependency;
			target = C5A223BA2A5DED6A00380818 /* pr */;
			targetProxy = C5A223DB2A5DED6B00380818 /* PBXContainerItemProxy */;
		};
/* End PBXTargetDependency section */

/* Begin XCBuildConfiguration section */
		C5A223E22A5DED6B00380818 /* Debug */ = {
			isa = XCBuildConfiguration;
			buildSettings = {
				ALWAYS_SEARCH_USER_PATHS = NO;
				CLANG_ANALYZER_NONNULL = YES;
				CLANG_ANALYZER_NUMBER_OBJECT_CONVERSION = YES_AGGRESSIVE;
				CLANG_CXX_LANGUAGE_STANDARD = "gnu++20";
				CLANG_ENABLE_MODULES = YES;
				CLANG_ENABLE_OBJC_ARC = YES;
				CLANG_ENABLE_OBJC_WEAK = YES;
				CLANG_WARN_BLOCK_CAPTURE_AUTORELEASING = YES;
				CLANG_WARN_BOOL_CONVERSION = YES;
				CLANG_WARN_COMMA = YES;
				CLANG_WARN_CONSTANT_CONVERSION = YES;
				CLANG_WARN_DEPRECATED_OBJC_IMPLEMENTATIONS = YES;
				CLANG_WARN_DIRECT_OBJC_ISA_USAGE = YES_ERROR;
				CLANG_WARN_DOCUMENTATION_COMMENTS = YES;
				CLANG_WARN_EMPTY_BODY = YES;
				CLANG_WARN_ENUM_CONVERSION = YES;
				CLANG_WARN_INFINITE_RECURSION = YES;
				CLANG_WARN_INT_CONVERSION = YES;
				CLANG_WARN_NON_LITERAL_NULL_CONVERSION = YES;
				CLANG_WARN_OBJC_IMPLICIT_RETAIN_SELF = YES;
				CLANG_WARN_OBJC_LITERAL_CONVERSION = YES;
				CLANG_WARN_OBJC_ROOT_CLASS = YES_ERROR;
				CLANG_WARN_QUOTED_INCLUDE_IN_FRAMEWORK_HEADER = YES;
				CLANG_WARN_RANGE_LOOP_ANALYSIS = YES;
				CLANG_WARN_STRICT_PROTOTYPES = YES;
				CLANG_WARN_SUSPICIOUS_MOVE = YES;
				CLANG_WARN_UNGUARDED_AVAILABILITY = YES_AGGRESSIVE;
				CLANG_WARN_UNREACHABLE_CODE = YES;
				CLANG_WARN__DUPLICATE_METHOD_MATCH = YES;
				COPY_PHASE_STRIP = NO;
				DEBUG_INFORMATION_FORMAT = dwarf;
				ENABLE_STRICT_OBJC_MSGSEND = YES;
				ENABLE_TESTABILITY = YES;
				GCC_C_LANGUAGE_STANDARD = gnu11;
				GCC_DYNAMIC_NO_PIC = NO;
				GCC_NO_COMMON_BLOCKS = YES;
				GCC_OPTIMIZATION_LEVEL = 0;
				GCC_PREPROCESSOR_DEFINITIONS = (
					"DEBUG=1",
					"$(inherited)",
				);
				GCC_WARN_64_TO_32_BIT_CONVERSION = YES;
				GCC_WARN_ABOUT_RETURN_TYPE = YES_ERROR;
				GCC_WARN_UNDECLARED_SELECTOR = YES;
				GCC_WARN_UNINITIALIZED_AUTOS = YES_AGGRESSIVE;
				GCC_WARN_UNUSED_FUNCTION = YES;
				GCC_WARN_UNUSED_VARIABLE = YES;
				IPHONEOS_DEPLOYMENT_TARGET = 16.4;
				MTL_ENABLE_DEBUG_INFO = INCLUDE_SOURCE;
				MTL_FAST_MATH = YES;
				ONLY_ACTIVE_ARCH = YES;
				SDKROOT = iphoneos;
				SWIFT_ACTIVE_COMPILATION_CONDITIONS = DEBUG;
				SWIFT_OPTIMIZATION_LEVEL = "-Onone";
			};
			name = Debug;
		};
		C5A223E32A5DED6B00380818 /* Release */ = {
			isa = XCBuildConfiguration;
			buildSettings = {
				ALWAYS_SEARCH_USER_PATHS = NO;
				CLANG_ANALYZER_NONNULL = YES;
				CLANG_ANALYZER_NUMBER_OBJECT_CONVERSION = YES_AGGRESSIVE;
				CLANG_CXX_LANGUAGE_STANDARD = "gnu++20";
				CLANG_ENABLE_MODULES = YES;
				CLANG_ENABLE_OBJC_ARC = YES;
				CLANG_ENABLE_OBJC_WEAK = YES;
				CLANG_WARN_BLOCK_CAPTURE_AUTORELEASING = YES;
				CLANG_WARN_BOOL_CONVERSION = YES;
				CLANG_WARN_COMMA = YES;
				CLANG_WARN_CONSTANT_CONVERSION = YES;
				CLANG_WARN_DEPRECATED_OBJC_IMPLEMENTATIONS = YES;
				CLANG_WARN_DIRECT_OBJC_ISA_USAGE = YES_ERROR;
				CLANG_WARN_DOCUMENTATION_COMMENTS = YES;
				CLANG_WARN_EMPTY_BODY = YES;
				CLANG_WARN_ENUM_CONVERSION = YES;
				CLANG_WARN_INFINITE_RECURSION = YES;
				CLANG_WARN_INT_CONVERSION = YES;
				CLANG_WARN_NON_LITERAL_NULL_CONVERSION = YES;
				CLANG_WARN_OBJC_IMPLICIT_RETAIN_SELF = YES;
				CLANG_WARN_OBJC_LITERAL_CONVERSION = YES;
				CLANG_WARN_OBJC_ROOT_CLASS = YES_ERROR;
				CLANG_WARN_QUOTED_INCLUDE_IN_FRAMEWORK_HEADER = YES;
				CLANG_WARN_RANGE_LOOP_ANALYSIS = YES;
				CLANG_WARN_STRICT_PROTOTYPES = YES;
				CLANG_WARN_SUSPICIOUS_MOVE = YES;
				CLANG_WARN_UNGUARDED_AVAILABILITY = YES_AGGRESSIVE;
				CLANG_WARN_UNREACHABLE_CODE = YES;
				CLANG_WARN__DUPLICATE_METHOD_MATCH = YES;
				COPY_PHASE_STRIP = NO;
				DEBUG_INFORMATION_FORMAT = "dwarf-with-dsym";
				ENABLE_NS_ASSERTIONS = NO;
				ENABLE_STRICT_OBJC_MSGSEND = YES;
				GCC_C_LANGUAGE_STANDARD = gnu11;
				GCC_NO_COMMON_BLOCKS = YES;
				GCC_WARN_64_TO_32_BIT_CONVERSION = YES;
				GCC_WARN_ABOUT_RETURN_TYPE = YES_ERROR;
				GCC_WARN_UNDECLARED_SELECTOR = YES;
				GCC_WARN_UNINITIALIZED_AUTOS = YES_AGGRESSIVE;
				GCC_WARN_UNUSED_FUNCTION = YES;
				GCC_WARN_UNUSED_VARIABLE = YES;
				IPHONEOS_DEPLOYMENT_TARGET = 16.4;
				MTL_ENABLE_DEBUG_INFO = NO;
				MTL_FAST_MATH = YES;
				SDKROOT = iphoneos;
				SWIFT_COMPILATION_MODE = wholemodule;
				SWIFT_OPTIMIZATION_LEVEL = "-O";
				VALIDATE_PRODUCT = YES;
			};
			name = Release;
		};
		C5A223E52A5DED6B00380818 /* Debug */ = {
			isa = XCBuildConfiguration;
			buildSettings = {
				ASSETCATALOG_COMPILER_APPICON_NAME = AppIcon;
				ASSETCATALOG_COMPILER_GLOBAL_ACCENT_COLOR_NAME = AccentColor;
				CODE_SIGN_STYLE = Automatic;
				CURRENT_PROJECT_VERSION = 1;
				DEVELOPMENT_ASSET_PATHS = "\"pr/Preview Content\"";
				ENABLE_PREVIEWS = YES;
				GENERATE_INFOPLIST_FILE = YES;
				INFOPLIST_KEY_UIApplicationSceneManifest_Generation = YES;
				INFOPLIST_KEY_UIApplicationSupportsIndirectInputEvents = YES;
				INFOPLIST_KEY_UILaunchScreen_Generation = YES;
				INFOPLIST_KEY_UISupportedInterfaceOrientations_iPad = "UIInterfaceOrientationPortrait UIInterfaceOrientationPortraitUpsideDown UIInterfaceOrientationLandscapeLeft UIInterfaceOrientationLandscapeRight";
				INFOPLIST_KEY_UISupportedInterfaceOrientations_iPhone = "UIInterfaceOrientationPortrait UIInterfaceOrientationLandscapeLeft UIInterfaceOrientationLandscapeRight";
				LD_RUNPATH_SEARCH_PATHS = (
					"$(inherited)",
					"@executable_path/Frameworks",
				);
				MARKETING_VERSION = 1.0;
				PRODUCT_BUNDLE_IDENTIFIER = ProfessionalXGAY.com.pr;
				PRODUCT_NAME = "$(TARGET_NAME)";
				SWIFT_EMIT_LOC_STRINGS = YES;
				SWIFT_VERSION = 5.0;
				TARGETED_DEVICE_FAMILY = "1,2";
			};
			name = Debug;
		};
		C5A223E62A5DED6B00380818 /* Release */ = {
			isa = XCBuildConfiguration;
			buildSettings = {
				ASSETCATALOG_COMPILER_APPICON_NAME = AppIcon;
				ASSETCATALOG_COMPILER_GLOBAL_ACCENT_COLOR_NAME = AccentColor;
				CODE_SIGN_STYLE = Automatic;
				CURRENT_PROJECT_VERSION = 1;
				DEVELOPMENT_ASSET_PATHS = "\"pr/Preview Content\"";
				ENABLE_PREVIEWS = YES;
				GENERATE_INFOPLIST_FILE = YES;
				INFOPLIST_KEY_UIApplicationSceneManifest_Generation = YES;
				INFOPLIST_KEY_UIApplicationSupportsIndirectInputEvents = YES;
				INFOPLIST_KEY_UILaunchScreen_Generation = YES;
				INFOPLIST_KEY_UISupportedInterfaceOrientations_iPad = "UIInterfaceOrientationPortrait UIInterfaceOrientationPortraitUpsideDown UIInterfaceOrientationLandscapeLeft UIInterfaceOrientationLandscapeRight";
				INFOPLIST_KEY_UISupportedInterfaceOrientations_iPhone = "UIInterfaceOrientationPortrait UIInterfaceOrientationLandscapeLeft UIInterfaceOrientationLandscapeRight";
				LD_RUNPATH_SEARCH_PATHS = (
					"$(inherited)",
					"@executable_path/Frameworks",
				);
				MARKETING_VERSION = 1.0;
				PRODUCT_BUNDLE_IDENTIFIER = ProfessionalXGAY.com.pr;
				PRODUCT_NAME = "$(TARGET_NAME)";
				SWIFT_EMIT_LOC_STRINGS = YES;
				SWIFT_VERSION = 5.0;
				TARGETED_DEVICE_FAMILY = "1,2";
			};
			name = Release;
		};
		C5A223E82A5DED6B00380818 /* Debug */ = {
			isa = XCBuildConfiguration;
			buildSettings = {
				ALWAYS_EMBED_SWIFT_STANDARD_LIBRARIES = YES;
				BUNDLE_LOADER = "$(TEST_HOST)";
				CODE_SIGN_STYLE = Automatic;
				CURRENT_PROJECT_VERSION = 1;
				GENERATE_INFOPLIST_FILE = YES;
				IPHONEOS_DEPLOYMENT_TARGET = 16.4;
				MARKETING_VERSION = 1.0;
				PRODUCT_BUNDLE_IDENTIFIER = ProfessionalXGAY.com.prTests;
				PRODUCT_NAME = "$(TARGET_NAME)";
				SWIFT_EMIT_LOC_STRINGS = NO;
				SWIFT_VERSION = 5.0;
				TARGETED_DEVICE_FAMILY = "1,2";
				TEST_HOST = "$(BUILT_PRODUCTS_DIR)/pr.app/$(BUNDLE_EXECUTABLE_FOLDER_PATH)/pr";
			};
			name = Debug;
		};
		C5A223E92A5DED6B00380818 /* Release */ = {
			isa = XCBuildConfiguration;
			buildSettings = {
				ALWAYS_EMBED_SWIFT_STANDARD_LIBRARIES = YES;
				BUNDLE_LOADER = "$(TEST_HOST)";
				CODE_SIGN_STYLE = Automatic;
				CURRENT_PROJECT_VERSION = 1;
				GENERATE_INFOPLIST_FILE = YES;
				IPHONEOS_DEPLOYMENT_TARGET = 16.4;
				MARKETING_VERSION = 1.0;
				PRODUCT_BUNDLE_IDENTIFIER = ProfessionalXGAY.com.prTests;
				PRODUCT_NAME = "$(TARGET_NAME)";
				SWIFT_EMIT_LOC_STRINGS = NO;
				SWIFT_VERSION = 5.0;
				TARGETED_DEVICE_FAMILY = "1,2";
				TEST_HOST = "$(BUILT_PRODUCTS_DIR)/pr.app/$(BUNDLE_EXECUTABLE_FOLDER_PATH)/pr";
			};
			name = Release;
		};
		C5A223EB2A5DED6B00380818 /* Debug */ = {
			isa = XCBuildConfiguration;
			buildSettings = {
				ALWAYS_EMBED_SWIFT_STANDARD_LIBRARIES = YES;
				CODE_SIGN_STYLE = Automatic;
				CURRENT_PROJECT_VERSION = 1;
				GENERATE_INFOPLIST_FILE = YES;
				MARKETING_VERSION = 1.0;
				PRODUCT_BUNDLE_IDENTIFIER = ProfessionalXGAY.com.prUITests;
				PRODUCT_NAME = "$(TARGET_NAME)";
				SWIFT_EMIT_LOC_STRINGS = NO;
				SWIFT_VERSION = 5.0;
				TARGETED_DEVICE_FAMILY = "1,2";
				TEST_TARGET_NAME = pr;
			};
			name = Debug;
		};
		C5A223EC2A5DED6B00380818 /* Release */ = {
			isa = XCBuildConfiguration;
			buildSettings = {
				ALWAYS_EMBED_SWIFT_STANDARD_LIBRARIES = YES;
				CODE_SIGN_STYLE = Automatic;
				CURRENT_PROJECT_VERSION = 1;
				GENERATE_INFOPLIST_FILE = YES;
				MARKETING_VERSION = 1.0;
				PRODUCT_BUNDLE_IDENTIFIER = ProfessionalXGAY.com.prUITests;
				PRODUCT_NAME = "$(TARGET_NAME)";
				SWIFT_EMIT_LOC_STRINGS = NO;
				SWIFT_VERSION = 5.0;
				TARGETED_DEVICE_FAMILY = "1,2";
				TEST_TARGET_NAME = pr;
			};
			name = Release;
		};
/* End XCBuildConfiguration section */

/* Begin XCConfigurationList section */
		C5A223B62A5DED6A00380818 /* Build configuration list for PBXProject "pr" */ = {
			isa = XCConfigurationList;
			buildConfigurations = (
				C5A223E22A5DED6B00380818 /* Debug */,
				C5A223E32A5DED6B00380818 /* Release */,
			);
			defaultConfigurationIsVisible = 0;
			defaultConfigurationName = Release;
		};
		C5A223E42A5DED6B00380818 /* Build configuration list for PBXNativeTarget "pr" */ = {
			isa = XCConfigurationList;
			buildConfigurations = (
				C5A223E52A5DED6B00380818 /* Debug */,
				C5A223E62A5DED6B00380818 /* Release */,
			);
			defaultConfigurationIsVisible = 0;
			defaultConfigurationName = Release;
		};
		C5A223E72A5DED6B00380818 /* Build configuration list for PBXNativeTarget "prTests" */ = {
			isa = XCConfigurationList;
			buildConfigurations = (
				C5A223E82A5DED6B00380818 /* Debug */,
				C5A223E92A5DED6B00380818 /* Release */,
			);
			defaultConfigurationIsVisible = 0;
			defaultConfigurationName = Release;
		};
		C5A223EA2A5DED6B00380818 /* Build configuration list for PBXNativeTarget "prUITests" */ = {
			isa = XCConfigurationList;
			buildConfigurations = (
				C5A223EB2A5DED6B00380818 /* Debug */,
				C5A223EC2A5DED6B00380818 /* Release */,
			);
			defaultConfigurationIsVisible = 0;
			defaultConfigurationName = Release;
		};
/* End XCConfigurationList section */

/* Begin XCVersionGroup section */
		C5A223C92A5DED6B00380818 /* pr.xcdatamodeld */ = {
			isa = XCVersionGroup;
			children = (
				C5A223CA2A5DED6B00380818 /* pr.xcdatamodel */,
			);
			currentVersion = C5A223CA2A5DED6B00380818 /* pr.xcdatamodel */;
			path = pr.xcdatamodeld;
			sourceTree = "<group>";
			versionGroupType = wrapper.xcdatamodel;
		};
/* End XCVersionGroup section */
	};
	rootObject = C5A223B32A5DED6A00380818 /* Project object */;
}
